// !$*UTF8*$!
{
	archiveVersion = 1;
	classes = {
	};
	objectVersion = 46;
	objects = {

/* Begin PBXBuildFile section */
		FAB650A01EB2C6B0001430FB /* main.cpp in Sources */ = {isa = PBXBuildFile; fileRef = FAB6509F1EB2C6B0001430FB /* main.cpp */; };
		FAB650D21EB2F1B1001430FB /* LeeDemo1.cpp in Sources */ = {isa = PBXBuildFile; fileRef = FAB650D01EB2F1B1001430FB /* LeeDemo1.cpp */; };
		FACBF05E1EB97BE8009E3FA4 /* People.cpp in Sources */ = {isa = PBXBuildFile; fileRef = FACBF05D1EB97BE8009E3FA4 /* People.cpp */; };
/* End PBXBuildFile section */

/* Begin PBXCopyFilesBuildPhase section */
		FAB650931EB2C691001430FB /* CopyFiles */ = {
			isa = PBXCopyFilesBuildPhase;
			buildActionMask = 2147483647;
			dstPath = /usr/share/man/man1/;
			dstSubfolderSpec = 0;
			files = (
			);
			runOnlyForDeploymentPostprocessing = 1;
		};
/* End PBXCopyFilesBuildPhase section */

/* Begin PBXFileReference section */
		FAB650951EB2C691001430FB /* LeeCPPDemo */ = {isa = PBXFileReference; explicitFileType = "compiled.mach-o.executable"; includeInIndex = 0; path = LeeCPPDemo; sourceTree = BUILT_PRODUCTS_DIR; };
		FAB6509F1EB2C6B0001430FB /* main.cpp */ = {isa = PBXFileReference; fileEncoding = 4; lastKnownFileType = sourcecode.cpp.cpp; path = main.cpp; sourceTree = "<group>"; };
		FAB650D01EB2F1B1001430FB /* LeeDemo1.cpp */ = {isa = PBXFileReference; fileEncoding = 4; lastKnownFileType = sourcecode.cpp.cpp; path = LeeDemo1.cpp; sourceTree = "<group>"; };
		FAB650D11EB2F1B1001430FB /* LeeDemo1.hpp */ = {isa = PBXFileReference; fileEncoding = 4; lastKnownFileType = sourcecode.cpp.h; path = LeeDemo1.hpp; sourceTree = "<group>"; };
		FACBF05D1EB97BE8009E3FA4 /* People.cpp */ = {isa = PBXFileReference; fileEncoding = 4; lastKnownFileType = sourcecode.cpp.cpp; path = People.cpp; sourceTree = "<group>"; };
/* End PBXFileReference section */

/* Begin PBXFrameworksBuildPhase section */
		FAB650921EB2C691001430FB /* Frameworks */ = {
			isa = PBXFrameworksBuildPhase;
			buildActionMask = 2147483647;
			files = (
			);
			runOnlyForDeploymentPostprocessing = 0;
		};
/* End PBXFrameworksBuildPhase section */

/* Begin PBXGroup section */
		FAB6508C1EB2C691001430FB = {
			isa = PBXGroup;
			children = (
				FAB650971EB2C691001430FB /* LeeCPPDemo */,
				FAB650961EB2C691001430FB /* Products */,
			);
			sourceTree = "<group>";
		};
		FAB650961EB2C691001430FB /* Products */ = {
			isa = PBXGroup;
			children = (
				FAB650951EB2C691001430FB /* LeeCPPDemo */,
			);
			name = Products;
			sourceTree = "<group>";
		};
		FAB650971EB2C691001430FB /* LeeCPPDemo */ = {
			isa = PBXGroup;
			children = (
				FAB6509F1EB2C6B0001430FB /* main.cpp */,
				FAB650D01EB2F1B1001430FB /* LeeDemo1.cpp */,
				FAB650D11EB2F1B1001430FB /* LeeDemo1.hpp */,
				FACBF05D1EB97BE8009E3FA4 /* People.cpp */,
			);
			path = LeeCPPDemo;
			sourceTree = "<group>";
		};
/* End PBXGroup section */

/* Begin PBXNativeTarget section */
		FAB650941EB2C691001430FB /* LeeCPPDemo */ = {
			isa = PBXNativeTarget;
			buildConfigurationList = FAB6509C1EB2C691001430FB /* Build configuration list for PBXNativeTarget "LeeCPPDemo" */;
			buildPhases = (
				FAB650911EB2C691001430FB /* Sources */,
				FAB650921EB2C691001430FB /* Frameworks */,
				FAB650931EB2C691001430FB /* CopyFiles */,
			);
			buildRules = (
			);
			dependencies = (
			);
			name = LeeCPPDemo;
			productName = LeeCPPDemo;
			productReference = FAB650951EB2C691001430FB /* LeeCPPDemo */;
			productType = "com.apple.product-type.tool";
		};
/* End PBXNativeTarget section */

/* Begin PBXProject section */
		FAB6508D1EB2C691001430FB /* Project object */ = {
			isa = PBXProject;
			attributes = {
				LastUpgradeCheck = 0830;
				ORGANIZATIONNAME = Oliver;
				TargetAttributes = {
					FAB650941EB2C691001430FB = {
						CreatedOnToolsVersion = 8.3.1;
						ProvisioningStyle = Automatic;
					};
				};
			};
			buildConfigurationList = FAB650901EB2C691001430FB /* Build configuration list for PBXProject "LeeCPPDemo" */;
			compatibilityVersion = "Xcode 3.2";
			developmentRegion = English;
			hasScannedForEncodings = 0;
			knownRegions = (
				en,
			);
			mainGroup = FAB6508C1EB2C691001430FB;
			productRefGroup = FAB650961EB2C691001430FB /* Products */;
			projectDirPath = "";
			projectRoot = "";
			targets = (
				FAB650941EB2C691001430FB /* LeeCPPDemo */,
			);
		};
/* End PBXProject section */

/* Begin PBXSourcesBuildPhase section */
		FAB650911EB2C691001430FB /* Sources */ = {
			isa = PBXSourcesBuildPhase;
			buildActionMask = 2147483647;
			files = (
				FAB650A01EB2C6B0001430FB /* main.cpp in Sources */,
				FACBF05E1EB97BE8009E3FA4 /* People.cpp in Sources */,
				FAB650D21EB2F1B1001430FB /* LeeDemo1.cpp in Sources */,
			);
			runOnlyForDeploymentPostprocessing = 0;
		};
/* End PBXSourcesBuildPhase section */

/* Begin XCBuildConfiguration section */
		FAB6509A1EB2C691001430FB /* Debug */ = {
			isa = XCBuildConfiguration;
			buildSettings = {
				ALWAYS_SEARCH_USER_PATHS = NO;
				CLANG_ANALYZER_NONNULL = YES;
				CLANG_ANALYZER_NUMBER_OBJECT_CONVERSION = YES_AGGRESSIVE;
				CLANG_CXX_LANGUAGE_STANDARD = "gnu++0x";
				CLANG_CXX_LIBRARY = "libc++";
				CLANG_ENABLE_MODULES = YES;
				CLANG_ENABLE_OBJC_ARC = YES;
				CLANG_WARN_BOOL_CONVERSION = YES;
				CLANG_WARN_CONSTANT_CONVERSION = YES;
				CLANG_WARN_DIRECT_OBJC_ISA_USAGE = YES_ERROR;
				CLANG_WARN_DOCUMENTATION_COMMENTS = YES;
				CLANG_WARN_EMPTY_BODY = YES;
				CLANG_WARN_ENUM_CONVERSION = YES;
				CLANG_WARN_INFINITE_RECURSION = YES;
				CLANG_WARN_INT_CONVERSION = YES;
				CLANG_WARN_OBJC_ROOT_CLASS = YES_ERROR;
				CLANG_WARN_SUSPICIOUS_MOVE = YES;
				CLANG_WARN_UNREACHABLE_CODE = YES;
				CLANG_WARN__DUPLICATE_METHOD_MATCH = YES;
				CODE_SIGN_IDENTITY = "-";
				COPY_PHASE_STRIP = NO;
				DEBUG_INFORMATION_FORMAT = dwarf;
				ENABLE_STRICT_OBJC_MSGSEND = YES;
				ENABLE_TESTABILITY = YES;
				GCC_C_LANGUAGE_STANDARD = gnu99;
				GCC_DYNAMIC_NO_PIC = NO;
				GCC_NO_COMMON_BLOCKS = YES;
				GCC_OPTIMIZATION_LEVEL = 0;
				GCC_PREPROCESSOR_DEFINITIONS = (
					"DEBUG=1",
					"$(inherited)",
				);
				GCC_WARN_64_TO_32_BIT_CONVERSION = YES;
				GCC_WARN_ABOUT_RETURN_TYPE = YES_ERROR;
				GCC_WARN_UNDECLARED_SELECTOR = YES;
				GCC_WARN_UNINITIALIZED_AUTOS = YES_AGGRESSIVE;
				GCC_WARN_UNUSED_FUNCTION = YES;
				GCC_WARN_UNUSED_VARIABLE = YES;
				MACOSX_DEPLOYMENT_TARGET = 10.12;
				MTL_ENABLE_DEBUG_INFO = YES;
				ONLY_ACTIVE_ARCH = YES;
				SDKROOT = macosx;
			};
			name = Debug;
		};
		FAB6509B1EB2C691001430FB /* Release */ = {
			isa = XCBuildConfiguration;
			buildSettings = {
				ALWAYS_SEARCH_USER_PATHS = NO;
				CLANG_ANALYZER_NONNULL = YES;
				CLANG_ANALYZER_NUMBER_OBJECT_CONVERSION = YES_AGGRESSIVE;
				CLANG_CXX_LANGUAGE_STANDARD = "gnu++0x";
				CLANG_CXX_LIBRARY = "libc++";
				CLANG_ENABLE_MODULES = YES;
				CLANG_ENABLE_OBJC_ARC = YES;
				CLANG_WARN_BOOL_CONVERSION = YES;
				CLANG_WARN_CONSTANT_CONVERSION = YES;
				CLANG_WARN_DIRECT_OBJC_ISA_USAGE = YES_ERROR;
				CLANG_WARN_DOCUMENTATION_COMMENTS = YES;
				CLANG_WARN_EMPTY_BODY = YES;
				CLANG_WARN_ENUM_CONVERSION = YES;
				CLANG_WARN_INFINITE_RECURSION = YES;
				CLANG_WARN_INT_CONVERSION = YES;
				CLANG_WARN_OBJC_ROOT_CLASS = YES_ERROR;
				CLANG_WARN_SUSPICIOUS_MOVE = YES;
				CLANG_WARN_UNREACHABLE_CODE = YES;
				CLANG_WARN__DUPLICATE_METHOD_MATCH = YES;
				CODE_SIGN_IDENTITY = "-";
				COPY_PHASE_STRIP = NO;
				DEBUG_INFORMATION_FORMAT = "dwarf-with-dsym";
				ENABLE_NS_ASSERTIONS = NO;
				ENABLE_STRICT_OBJC_MSGSEND = YES;
				GCC_C_LANGUAGE_STANDARD = gnu99;
				GCC_NO_COMMON_BLOCKS = YES;
				GCC_WARN_64_TO_32_BIT_CONVERSION = YES;
				GCC_WARN_ABOUT_RETURN_TYPE = YES_ERROR;
				GCC_WARN_UNDECLARED_SELECTOR = YES;
				GCC_WARN_UNINITIALIZED_AUTOS = YES_AGGRESSIVE;
				GCC_WARN_UNUSED_FUNCTION = YES;
				GCC_WARN_UNUSED_VARIABLE = YES;
				MACOSX_DEPLOYMENT_TARGET = 10.12;
				MTL_ENABLE_DEBUG_INFO = NO;
				SDKROOT = macosx;
			};
			name = Release;
		};
		FAB6509D1EB2C691001430FB /* Debug */ = {
			isa = XCBuildConfiguration;
			buildSettings = {
				PRODUCT_NAME = "$(TARGET_NAME)";
			};
			name = Debug;
		};
		FAB6509E1EB2C691001430FB /* Release */ = {
			isa = XCBuildConfiguration;
			buildSettings = {
				PRODUCT_NAME = "$(TARGET_NAME)";
			};
			name = Release;
		};
/* End XCBuildConfiguration section */

/* Begin XCConfigurationList section */
		FAB650901EB2C691001430FB /* Build configuration list for PBXProject "LeeCPPDemo" */ = {
			isa = XCConfigurationList;
			buildConfigurations = (
				FAB6509A1EB2C691001430FB /* Debug */,
				FAB6509B1EB2C691001430FB /* Release */,
			);
			defaultConfigurationIsVisible = 0;
			defaultConfigurationName = Release;
		};
		FAB6509C1EB2C691001430FB /* Build configuration list for PBXNativeTarget "LeeCPPDemo" */ = {
			isa = XCConfigurationList;
			buildConfigurations = (
				FAB6509D1EB2C691001430FB /* Debug */,
				FAB6509E1EB2C691001430FB /* Release */,
			);
			defaultConfigurationIsVisible = 0;
			defaultConfigurationName = Release;
		};
/* End XCConfigurationList section */
	};
	rootObject = FAB6508D1EB2C691001430FB /* Project object */;
}
