// !$*UTF8*$!
{
	archiveVersion = 1;
	classes = {
	};
	objectVersion = 46;
	objects = {

/* Begin PBXBuildFile section */
		FA57BD681EBCB85A0081AFF1 /* main.cpp in Sources */ = {isa = PBXBuildFile; fileRef = FA57BD671EBCB85A0081AFF1 /* main.cpp */; };
		FA57BD701EBCB8EB0081AFF1 /* People.cpp in Sources */ = {isa = PBXBuildFile; fileRef = FA57BD6E1EBCB8EB0081AFF1 /* People.cpp */; };
		FA57BD731EBCBA3B0081AFF1 /* Student.cpp in Sources */ = {isa = PBXBuildFile; fileRef = FA57BD711EBCBA3B0081AFF1 /* Student.cpp */; };
/* End PBXBuildFile section */

/* Begin PBXCopyFilesBuildPhase section */
		FA57BD621EBCB85A0081AFF1 /* CopyFiles */ = {
			isa = PBXCopyFilesBuildPhase;
			buildActionMask = 2147483647;
			dstPath = /usr/share/man/man1/;
			dstSubfolderSpec = 0;
			files = (
			);
			runOnlyForDeploymentPostprocessing = 1;
		};
/* End PBXCopyFilesBuildPhase section */

/* Begin PBXFileReference section */
		FA57BD641EBCB85A0081AFF1 /* C++Demo */ = {isa = PBXFileReference; explicitFileType = "compiled.mach-o.executable"; includeInIndex = 0; path = "C++Demo"; sourceTree = BUILT_PRODUCTS_DIR; };
		FA57BD671EBCB85A0081AFF1 /* main.cpp */ = {isa = PBXFileReference; lastKnownFileType = sourcecode.cpp.cpp; path = main.cpp; sourceTree = "<group>"; };
		FA57BD6E1EBCB8EB0081AFF1 /* People.cpp */ = {isa = PBXFileReference; fileEncoding = 4; lastKnownFileType = sourcecode.cpp.cpp; path = People.cpp; sourceTree = "<group>"; };
		FA57BD6F1EBCB8EB0081AFF1 /* People.hpp */ = {isa = PBXFileReference; fileEncoding = 4; lastKnownFileType = sourcecode.cpp.h; path = People.hpp; sourceTree = "<group>"; };
		FA57BD711EBCBA3B0081AFF1 /* Student.cpp */ = {isa = PBXFileReference; fileEncoding = 4; lastKnownFileType = sourcecode.cpp.cpp; path = Student.cpp; sourceTree = "<group>"; };
		FA57BD721EBCBA3B0081AFF1 /* Student.hpp */ = {isa = PBXFileReference; fileEncoding = 4; lastKnownFileType = sourcecode.cpp.h; path = Student.hpp; sourceTree = "<group>"; };
/* End PBXFileReference section */

/* Begin PBXFrameworksBuildPhase section */
		FA57BD611EBCB85A0081AFF1 /* Frameworks */ = {
			isa = PBXFrameworksBuildPhase;
			buildActionMask = 2147483647;
			files = (
			);
			runOnlyForDeploymentPostprocessing = 0;
		};
/* End PBXFrameworksBuildPhase section */

/* Begin PBXGroup section */
		FA57BD5B1EBCB85A0081AFF1 = {
			isa = PBXGroup;
			children = (
				FA57BD661EBCB85A0081AFF1 /* C++Demo */,
				FA57BD651EBCB85A0081AFF1 /* Products */,
			);
			sourceTree = "<group>";
		};
		FA57BD651EBCB85A0081AFF1 /* Products */ = {
			isa = PBXGroup;
			children = (
				FA57BD641EBCB85A0081AFF1 /* C++Demo */,
			);
			name = Products;
			sourceTree = "<group>";
		};
		FA57BD661EBCB85A0081AFF1 /* C++Demo */ = {
			isa = PBXGroup;
			children = (
				FA57BD671EBCB85A0081AFF1 /* main.cpp */,
				FA57BD6E1EBCB8EB0081AFF1 /* People.cpp */,
				FA57BD6F1EBCB8EB0081AFF1 /* People.hpp */,
				FA57BD711EBCBA3B0081AFF1 /* Student.cpp */,
				FA57BD721EBCBA3B0081AFF1 /* Student.hpp */,
			);
			path = "C++Demo";
			sourceTree = "<group>";
		};
/* End PBXGroup section */

/* Begin PBXNativeTarget section */
		FA57BD631EBCB85A0081AFF1 /* C++Demo */ = {
			isa = PBXNativeTarget;
			buildConfigurationList = FA57BD6B1EBCB85A0081AFF1 /* Build configuration list for PBXNativeTarget "C++Demo" */;
			buildPhases = (
				FA57BD601EBCB85A0081AFF1 /* Sources */,
				FA57BD611EBCB85A0081AFF1 /* Frameworks */,
				FA57BD621EBCB85A0081AFF1 /* CopyFiles */,
			);
			buildRules = (
			);
			dependencies = (
			);
			name = "C++Demo";
			productName = "C++Demo";
			productReference = FA57BD641EBCB85A0081AFF1 /* C++Demo */;
			productType = "com.apple.product-type.tool";
		};
/* End PBXNativeTarget section */

/* Begin PBXProject section */
		FA57BD5C1EBCB85A0081AFF1 /* Project object */ = {
			isa = PBXProject;
			attributes = {
				LastUpgradeCheck = 0830;
				ORGANIZATIONNAME = Oliver;
				TargetAttributes = {
					FA57BD631EBCB85A0081AFF1 = {
						CreatedOnToolsVersion = 8.3.1;
						ProvisioningStyle = Automatic;
					};
				};
			};
			buildConfigurationList = FA57BD5F1EBCB85A0081AFF1 /* Build configuration list for PBXProject "C++Demo" */;
			compatibilityVersion = "Xcode 3.2";
			developmentRegion = English;
			hasScannedForEncodings = 0;
			knownRegions = (
				en,
			);
			mainGroup = FA57BD5B1EBCB85A0081AFF1;
			productRefGroup = FA57BD651EBCB85A0081AFF1 /* Products */;
			projectDirPath = "";
			projectRoot = "";
			targets = (
				FA57BD631EBCB85A0081AFF1 /* C++Demo */,
			);
		};
/* End PBXProject section */

/* Begin PBXSourcesBuildPhase section */
		FA57BD601EBCB85A0081AFF1 /* Sources */ = {
			isa = PBXSourcesBuildPhase;
			buildActionMask = 2147483647;
			files = (
				FA57BD731EBCBA3B0081AFF1 /* Student.cpp in Sources */,
				FA57BD701EBCB8EB0081AFF1 /* People.cpp in Sources */,
				FA57BD681EBCB85A0081AFF1 /* main.cpp in Sources */,
			);
			runOnlyForDeploymentPostprocessing = 0;
		};
/* End PBXSourcesBuildPhase section */

/* Begin XCBuildConfiguration section */
		FA57BD691EBCB85A0081AFF1 /* Debug */ = {
			isa = XCBuildConfiguration;
			buildSettings = {
				ALWAYS_SEARCH_USER_PATHS = NO;
				CLANG_ANALYZER_NONNULL = YES;
				CLANG_ANALYZER_NUMBER_OBJECT_CONVERSION = YES_AGGRESSIVE;
				CLANG_CXX_LANGUAGE_STANDARD = "gnu++0x";
				CLANG_CXX_LIBRARY = "libc++";
				CLANG_ENABLE_MODULES = YES;
				CLANG_ENABLE_OBJC_ARC = YES;
				CLANG_WARN_BOOL_CONVERSION = YES;
				CLANG_WARN_CONSTANT_CONVERSION = YES;
				CLANG_WARN_DIRECT_OBJC_ISA_USAGE = YES_ERROR;
				CLANG_WARN_DOCUMENTATION_COMMENTS = YES;
				CLANG_WARN_EMPTY_BODY = YES;
				CLANG_WARN_ENUM_CONVERSION = YES;
				CLANG_WARN_INFINITE_RECURSION = YES;
				CLANG_WARN_INT_CONVERSION = YES;
				CLANG_WARN_OBJC_ROOT_CLASS = YES_ERROR;
				CLANG_WARN_SUSPICIOUS_MOVE = YES;
				CLANG_WARN_UNREACHABLE_CODE = YES;
				CLANG_WARN__DUPLICATE_METHOD_MATCH = YES;
				CODE_SIGN_IDENTITY = "-";
				COPY_PHASE_STRIP = NO;
				DEBUG_INFORMATION_FORMAT = dwarf;
				ENABLE_STRICT_OBJC_MSGSEND = YES;
				ENABLE_TESTABILITY = YES;
				GCC_C_LANGUAGE_STANDARD = gnu99;
				GCC_DYNAMIC_NO_PIC = NO;
				GCC_NO_COMMON_BLOCKS = YES;
				GCC_OPTIMIZATION_LEVEL = 0;
				GCC_PREPROCESSOR_DEFINITIONS = (
					"DEBUG=1",
					"$(inherited)",
				);
				GCC_WARN_64_TO_32_BIT_CONVERSION = YES;
				GCC_WARN_ABOUT_RETURN_TYPE = YES_ERROR;
				GCC_WARN_UNDECLARED_SELECTOR = YES;
				GCC_WARN_UNINITIALIZED_AUTOS = YES_AGGRESSIVE;
				GCC_WARN_UNUSED_FUNCTION = YES;
				GCC_WARN_UNUSED_VARIABLE = YES;
				MACOSX_DEPLOYMENT_TARGET = 10.12;
				MTL_ENABLE_DEBUG_INFO = YES;
				ONLY_ACTIVE_ARCH = YES;
				SDKROOT = macosx;
			};
			name = Debug;
		};
		FA57BD6A1EBCB85A0081AFF1 /* Release */ = {
			isa = XCBuildConfiguration;
			buildSettings = {
				ALWAYS_SEARCH_USER_PATHS = NO;
				CLANG_ANALYZER_NONNULL = YES;
				CLANG_ANALYZER_NUMBER_OBJECT_CONVERSION = YES_AGGRESSIVE;
				CLANG_CXX_LANGUAGE_STANDARD = "gnu++0x";
				CLANG_CXX_LIBRARY = "libc++";
				CLANG_ENABLE_MODULES = YES;
				CLANG_ENABLE_OBJC_ARC = YES;
				CLANG_WARN_BOOL_CONVERSION = YES;
				CLANG_WARN_CONSTANT_CONVERSION = YES;
				CLANG_WARN_DIRECT_OBJC_ISA_USAGE = YES_ERROR;
				CLANG_WARN_DOCUMENTATION_COMMENTS = YES;
				CLANG_WARN_EMPTY_BODY = YES;
				CLANG_WARN_ENUM_CONVERSION = YES;
				CLANG_WARN_INFINITE_RECURSION = YES;
				CLANG_WARN_INT_CONVERSION = YES;
				CLANG_WARN_OBJC_ROOT_CLASS = YES_ERROR;
				CLANG_WARN_SUSPICIOUS_MOVE = YES;
				CLANG_WARN_UNREACHABLE_CODE = YES;
				CLANG_WARN__DUPLICATE_METHOD_MATCH = YES;
				CODE_SIGN_IDENTITY = "-";
				COPY_PHASE_STRIP = NO;
				DEBUG_INFORMATION_FORMAT = "dwarf-with-dsym";
				ENABLE_NS_ASSERTIONS = NO;
				ENABLE_STRICT_OBJC_MSGSEND = YES;
				GCC_C_LANGUAGE_STANDARD = gnu99;
				GCC_NO_COMMON_BLOCKS = YES;
				GCC_WARN_64_TO_32_BIT_CONVERSION = YES;
				GCC_WARN_ABOUT_RETURN_TYPE = YES_ERROR;
				GCC_WARN_UNDECLARED_SELECTOR = YES;
				GCC_WARN_UNINITIALIZED_AUTOS = YES_AGGRESSIVE;
				GCC_WARN_UNUSED_FUNCTION = YES;
				GCC_WARN_UNUSED_VARIABLE = YES;
				MACOSX_DEPLOYMENT_TARGET = 10.12;
				MTL_ENABLE_DEBUG_INFO = NO;
				SDKROOT = macosx;
			};
			name = Release;
		};
		FA57BD6C1EBCB85A0081AFF1 /* Debug */ = {
			isa = XCBuildConfiguration;
			buildSettings = {
				PRODUCT_NAME = "$(TARGET_NAME)";
			};
			name = Debug;
		};
		FA57BD6D1EBCB85A0081AFF1 /* Release */ = {
			isa = XCBuildConfiguration;
			buildSettings = {
				PRODUCT_NAME = "$(TARGET_NAME)";
			};
			name = Release;
		};
/* End XCBuildConfiguration section */

/* Begin XCConfigurationList section */
		FA57BD5F1EBCB85A0081AFF1 /* Build configuration list for PBXProject "C++Demo" */ = {
			isa = XCConfigurationList;
			buildConfigurations = (
				FA57BD691EBCB85A0081AFF1 /* Debug */,
				FA57BD6A1EBCB85A0081AFF1 /* Release */,
			);
			defaultConfigurationIsVisible = 0;
			defaultConfigurationName = Release;
		};
		FA57BD6B1EBCB85A0081AFF1 /* Build configuration list for PBXNativeTarget "C++Demo" */ = {
			isa = XCConfigurationList;
			buildConfigurations = (
				FA57BD6C1EBCB85A0081AFF1 /* Debug */,
				FA57BD6D1EBCB85A0081AFF1 /* Release */,
			);
			defaultConfigurationIsVisible = 0;
		};
/* End XCConfigurationList section */
	};
	rootObject = FA57BD5C1EBCB85A0081AFF1 /* Project object */;
}
